
Microsoft Visual Studio Solution File, Format Version 12.00
# Visual Studio Version 17
VisualStudioVersion = 17.9.34616.47
MinimumVisualStudioVersion = 10.0.40219.1
Project("{8BC9CEB8-8B4A-11D0-8D11-00A0C91BC942}") = "pointer1", "pointer1\pointer1.vcxproj", "{879AA422-BBB9-4374-BF5D-AF98F1DF71F4}"
EndProject
Project("{8BC9CEB8-8B4A-11D0-8D11-00A0C91BC942}") = "pointer 2", "pointer 2\pointer 2.vcxproj", "{2B1E33D8-003F-4B58-BB8D-8F821671B19D}"
EndProject
Project("{8BC9CEB8-8B4A-11D0-8D11-00A0C91BC942}") = "friendclass1", "friendclass1\friendclass1.vcxproj", "{6AB9B4EC-8446-407A-AFAF-0E2835DA0E4D}"
EndProject
Project("{8BC9CEB8-8B4A-11D0-8D11-00A0C91BC942}") = "friend funcation1", "friend funcation1\friend funcation1.vcxproj", "{34038F89-2750-4CC6-A893-6D9851CB78C3}"
EndProject
Project("{8BC9CEB8-8B4A-11D0-8D11-00A0C91BC942}") = "friend funcation 2", "friend funcation 2\friend funcation 2.vcxproj", "{C537484C-CDBD-4EA3-BB6B-AEE2581AAC24}"
EndProject
Global
	GlobalSection(SolutionConfigurationPlatforms) = preSolution
		Debug|x64 = Debug|x64
		Debug|x86 = Debug|x86
		Release|x64 = Release|x64
		Release|x86 = Release|x86
	EndGlobalSection
	GlobalSection(ProjectConfigurationPlatforms) = postSolution
		{879AA422-BBB9-4374-BF5D-AF98F1DF71F4}.Debug|x64.ActiveCfg = Debug|x64
		{879AA422-BBB9-4374-BF5D-AF98F1DF71F4}.Debug|x64.Build.0 = Debug|x64
		{879AA422-BBB9-4374-BF5D-AF98F1DF71F4}.Debug|x86.ActiveCfg = Debug|Win32
		{879AA422-BBB9-4374-BF5D-AF98F1DF71F4}.Debug|x86.Build.0 = Debug|Win32
		{879AA422-BBB9-4374-BF5D-AF98F1DF71F4}.Release|x64.ActiveCfg = Release|x64
		{879AA422-BBB9-4374-BF5D-AF98F1DF71F4}.Release|x64.Build.0 = Release|x64
		{879AA422-BBB9-4374-BF5D-AF98F1DF71F4}.Release|x86.ActiveCfg = Release|Win32
		{879AA422-BBB9-4374-BF5D-AF98F1DF71F4}.Release|x86.Build.0 = Release|Win32
		{2B1E33D8-003F-4B58-BB8D-8F821671B19D}.Debug|x64.ActiveCfg = Debug|x64
		{2B1E33D8-003F-4B58-BB8D-8F821671B19D}.Debug|x64.Build.0 = Debug|x64
		{2B1E33D8-003F-4B58-BB8D-8F821671B19D}.Debug|x86.ActiveCfg = Debug|Win32
		{2B1E33D8-003F-4B58-BB8D-8F821671B19D}.Debug|x86.Build.0 = Debug|Win32
		{2B1E33D8-003F-4B58-BB8D-8F821671B19D}.Release|x64.ActiveCfg = Release|x64
		{2B1E33D8-003F-4B58-BB8D-8F821671B19D}.Release|x64.Build.0 = Release|x64
		{2B1E33D8-003F-4B58-BB8D-8F821671B19D}.Release|x86.ActiveCfg = Release|Win32
		{2B1E33D8-003F-4B58-BB8D-8F821671B19D}.Release|x86.Build.0 = Release|Win32
		{6AB9B4EC-8446-407A-AFAF-0E2835DA0E4D}.Debug|x64.ActiveCfg = Debug|x64
		{6AB9B4EC-8446-407A-AFAF-0E2835DA0E4D}.Debug|x64.Build.0 = Debug|x64
		{6AB9B4EC-8446-407A-AFAF-0E2835DA0E4D}.Debug|x86.ActiveCfg = Debug|Win32
		{6AB9B4EC-8446-407A-AFAF-0E2835DA0E4D}.Debug|x86.Build.0 = Debug|Win32
		{6AB9B4EC-8446-407A-AFAF-0E2835DA0E4D}.Release|x64.ActiveCfg = Release|x64
		{6AB9B4EC-8446-407A-AFAF-0E2835DA0E4D}.Release|x64.Build.0 = Release|x64
		{6AB9B4EC-8446-407A-AFAF-0E2835DA0E4D}.Release|x86.ActiveCfg = Release|Win32
		{6AB9B4EC-8446-407A-AFAF-0E2835DA0E4D}.Release|x86.Build.0 = Release|Win32
		{34038F89-2750-4CC6-A893-6D9851CB78C3}.Debug|x64.ActiveCfg = Debug|x64
		{34038F89-2750-4CC6-A893-6D9851CB78C3}.Debug|x64.Build.0 = Debug|x64
		{34038F89-2750-4CC6-A893-6D9851CB78C3}.Debug|x86.ActiveCfg = Debug|Win32
		{34038F89-2750-4CC6-A893-6D9851CB78C3}.Debug|x86.Build.0 = Debug|Win32
		{34038F89-2750-4CC6-A893-6D9851CB78C3}.Release|x64.ActiveCfg = Release|x64
		{34038F89-2750-4CC6-A893-6D9851CB78C3}.Release|x64.Build.0 = Release|x64
		{34038F89-2750-4CC6-A893-6D9851CB78C3}.Release|x86.ActiveCfg = Release|Win32
		{34038F89-2750-4CC6-A893-6D9851CB78C3}.Release|x86.Build.0 = Release|Win32
		{C537484C-CDBD-4EA3-BB6B-AEE2581AAC24}.Debug|x64.ActiveCfg = Debug|x64
		{C537484C-CDBD-4EA3-BB6B-AEE2581AAC24}.Debug|x64.Build.0 = Debug|x64
		{C537484C-CDBD-4EA3-BB6B-AEE2581AAC24}.Debug|x86.ActiveCfg = Debug|Win32
		{C537484C-CDBD-4EA3-BB6B-AEE2581AAC24}.Debug|x86.Build.0 = Debug|Win32
		{C537484C-CDBD-4EA3-BB6B-AEE2581AAC24}.Release|x64.ActiveCfg = Release|x64
		{C537484C-CDBD-4EA3-BB6B-AEE2581AAC24}.Release|x64.Build.0 = Release|x64
		{C537484C-CDBD-4EA3-BB6B-AEE2581AAC24}.Release|x86.ActiveCfg = Release|Win32
		{C537484C-CDBD-4EA3-BB6B-AEE2581AAC24}.Release|x86.Build.0 = Release|Win32
	EndGlobalSection
	GlobalSection(SolutionProperties) = preSolution
		HideSolutionNode = FALSE
	EndGlobalSection
	GlobalSection(ExtensibilityGlobals) = postSolution
		SolutionGuid = {732D7E1F-3C44-4453-A1DE-883AB1D3C4E7}
	EndGlobalSection
EndGlobal
